github.com/apache/arrow-go/v18 v18.4.1 h1:q/jVkBWCJOB9reDgaIZIdruLQUb1kbkvOnOFezVH1C4=
github.com/apache/arrow-go/v18 v18.4.1/go.mod h1:tLyFubsAl17bvFdUAy24bsSvA/6ww95Iqi67fTpGu3E=
github.com/asg017/sqlite-vec-go-bindings v0.1.6 h1:Nx0jAzyS38XpkKznJ9xQjFXz2X9tI7KqjwVxV8RNoww=
github.com/asg017/sqlite-vec-go-bindings v0.1.6/go.mod h1:A8+cTt/nKFsYCQF6OgzSNpKZrzNo5gQsXBTfsXHXY0Q=
github.com/davecgh/go-spew v1.1.1 h1:vj9j/u1bqnvCEfJOwUhtlOARqs3+rkHYY13jYWTU97c=
github.com/davecgh/go-spew v1.1.1/go.mod h1:J7Y8YcW2NihsgmVo/mv3lAwl/skON4iLHjSsI+c5H38=
github.com/davecgh/go-spew v1.1.2-0.20180830191138-d8f796af33cc h1:U9qPSI2PIWSS1VwoXQT9A3Wy9MM3WgvqSxFWenqJduM=
github.com/duckdb/duckdb-go-bindings v0.1.23 h1:sJRXraxfC/gdHI2T7oHqrdp1VdKemrgqWGQ8986mH1c=
github.com/duckdb/duckdb-go-bindings v0.1.23/go.mod h1:WA7U/o+b37MK2kiOPPueVZ+FIxt5AZFCjszi8hHeH18=
github.com/duckdb/duckdb-go-bindings/darwin-amd64 v0.1.23 h1:Xyw1fWu4jzOtv2Hqkaehr7f+qbIWNRfBMbZyD+g8dyU=
github.com/duckdb/duckdb-go-bindings/darwin-amd64 v0.1.23/go.mod h1:jfbOHwGZqNCpMAxV4g4g5jmWr0gKdMvh2fGusPubxC4=
github.com/duckdb/duckdb-go-bindings/darwin-arm64 v0.1.23 h1:85Xomx5NxZ+Nt+VepUJzuMYbBTH+nB6JlBXIyJuTovA=
github.com/duckdb/duckdb-go-bindings/darwin-arm64 v0.1.23/go.mod h1:zLVtv1a7TBuTPvuAi32AIbnuw7jjaX5JElZ+urv1ydc=
github.com/duckdb/duckdb-go-bindings/linux-amd64 v0.1.23 h1:RGw8mDqQl9JdlCYV0PAfGBuVAgOguiL5Vz5W8pH8fGw=
github.com/duckdb/duckdb-go-bindings/linux-amd64 v0.1.23/go.mod h1:GCaBoYnuLZEva7BXzdXehTbqh9VSvpLB80xcmxGBGs8=
github.com/duckdb/duckdb-go-bindings/linux-arm64 v0.1.23 h1:f8NHa8DGes7vg55BxeMVm0ycddEJTRHEt813USdL0/I=
github.com/duckdb/duckdb-go-bindings/linux-arm64 v0.1.23/go.mod h1:kpQSpJmDSSZQ3ikbZR1/8UqecqMeUkWFjFX2xZxlCuI=
github.com/duckdb/duckdb-go-bindings/windows-amd64 v0.1.23 h1:HJqVo+09gT6LQWW6PlN/c7K8s0eQhv5giE7kJcMGMSU=
github.com/duckdb/duckdb-go-bindings/windows-amd64 v0.1.23/go.mod h1:wa+egSGXTPS16NPADFCK1yFyt3VSXxUS6Pt2fLnvRPM=
github.com/duckdb/duckdb-go/arrowmapping v0.0.25 h1:afPKtibOLxcGRz4tpXjP0nQbs9B4vQR57zCOaWSKzss=
github.com/duckdb/duckdb-go/arrowmapping v0.0.25/go.mod h1:R7egXxZcy0hxKY/MsoM2xjkMvRo4H07TffDhYCnhKfQ=
github.com/duckdb/duckdb-go/mapping v0.0.25 h1:z4RhivKCIRv0MWQwtYekqH+ikoA29/n8L+rzgreKvsc=
github.com/duckdb/duckdb-go/mapping v0.0.25/go.mod h1:CIo3WbNx3Txl+VO9+P5eNCN9ZifUA/KIp9NY1rTG/uo=
github.com/duckdb/duckdb-go/v2 v2.5.2 h1:GJXDQOb/nUTE9+U1Lg8pqzcJcwN9bCPl/94KCxMY6C8=
github.com/duckdb/duckdb-go/v2 v2.5.2/go.mod h1:5CdjeBOXBctt11iEfQD2MwTPqlZYRJuR5yCarRPmkOU=
github.com/ebitengine/purego v0.8.1 h1:sdRKd6plj7KYW33EH5As6YKfe8m9zbN9JMrOjNVF/BE=
github.com/ebitengine/purego v0.8.1/go.mod h1:iIjxzd6CiRiOG0UyXP+V1+jWqUXVjPKLAI0mRfJZTmQ=
github.com/go-viper/mapstructure/v2 v2.4.0 h1:EBsztssimR/CONLSZZ04E8qAkxNYq4Qp9LvH92wZUgs=
github.com/go-viper/mapstructure/v2 v2.4.0/go.mod h1:oJDH3BJKyqBA2TXFhDsKDGDTlndYOZ6rGS0BRZIxGhM=
github.com/goccy/go-json v0.10.5 h1:Fq85nIqj+gXn/S5ahsiTlK3TmC85qgirsdTP/+DeaC4=
github.com/goccy/go-json v0.10.5/go.mod h1:oq7eo15ShAhp70Anwd5lgX2pLfOS3QCiwU/PULtXL6M=
github.com/google/flatbuffers v25.2.10+incompatible h1:F3vclr7C3HpB1k9mxCGRMXq6FdUalZ6H/pNX4FP1v0Q=
github.com/google/flatbuffers v25.2.10+incompatible/go.mod h1:1AeVuKshWv4vARoZatz6mlQ0JxURH0Kv5+zNeJKJCa8=
github.com/google/uuid v1.6.0 h1:NIvaJDMOsjHA8n1jAhLSgzrAzy1Hgr+hNrb57e+94F0=
github.com/google/uuid v1.6.0/go.mod h1:TIyPZe4MgqvfeYDBFedMoGGpEw/LqOeaOT+nhxU+yHo=
github.com/kelindar/iostream v1.4.0 h1:ELKlinnM/K3GbRp9pYhWuZOyBxMMlYAfsOP+gauvZaY=
github.com/kelindar/iostream v1.4.0/go.mod h1:MkjMuVb6zGdPQVdwLnFRO0xOTOdDvBWTztFmjRDQkXk=
github.com/kelindar/search v0.4.0 h1:mj3U26qB6BQJr9/6Q1vHS/I40CQ6Mhb5iJfmfI2e/mY=
github.com/kelindar/search v0.4.0/go.mod h1:7goLXnzQ6b0vMJr9SKWmABblTrJgPG3rVwp3yz2Lo5Q=
github.com/klauspost/compress v1.18.0 h1:c/Cqfb0r+Yi+JtIEq73FWXVkRonBlf0CRNYc8Zttxdo=
github.com/klauspost/compress v1.18.0/go.mod h1:2Pp+KzxcywXVXMr50+X0Q/Lsb43OQHYWRCY2AiWywWQ=
github.com/klauspost/cpuid/v2 v2.2.8 h1:+StwCXwm9PdpiEkPyzBXIy+M9KUb4ODm0Zarf1kS5BM=
github.com/klauspost/cpuid/v2 v2.2.8/go.mod h1:Lcz8mBdAVJIBVzewtcLocK12l3Y+JytZYpaMropDUws=
github.com/klauspost/cpuid/v2 v2.3.0 h1:S4CRMLnYUhGeDFDqkGriYKdfoFlDnMtqTiI/sFzhA9Y=
github.com/klauspost/cpuid/v2 v2.3.0/go.mod h1:hqwkgyIinND0mEev00jJYCxPNVRVXFQeu1XKlok6oO0=
github.com/labstack/echo/v4 v4.13.4 h1:oTZZW+T3s9gAu5L8vmzihV7/lkXGZuITzTQkTEhcXEA=
github.com/labstack/echo/v4 v4.13.4/go.mod h1:g63b33BZ5vZzcIUF8AtRH40DrTlXnx4UMC8rBdndmjQ=
github.com/labstack/gommon v0.4.2 h1:F8qTUNXgG1+6WQmqoUWnz8WiEU60mXVVw0P4ht1WRA0=
github.com/labstack/gommon v0.4.2/go.mod h1:QlUFxVM+SNXhDL/Z7YhocGIBYOiwB0mXm1+1bAPHPyU=
github.com/mattn/go-colorable v0.1.14 h1:9A9LHSqF/7dyVVX6g0U9cwm9pG3kP9gSzcuIPHPsaIE=
github.com/mattn/go-colorable v0.1.14/go.mod h1:6LmQG8QLFO4G5z1gPvYEzlUgJ2wF+stgPZH1UqBm1s8=
github.com/mattn/go-isatty v0.0.20 h1:xfD0iDuEKnDkl03q4limB+vH+GxLEtL/jb4xVJSWWEY=
github.com/mattn/go-isatty v0.0.20/go.mod h1:W+V8PltTTMOvKvAeJH7IuucS94S2C6jfK/D7dTCTo3Y=
github.com/mattn/go-sqlite3 v1.14.32 h1:JD12Ag3oLy1zQA+BNn74xRgaBbdhbNIDYvQUEuuErjs=
github.com/mattn/go-sqlite3 v1.14.32/go.mod h1:Uh1q+B4BYcTPb+yiD3kU8Ct7aC0hY9fxUwlHK0RXw+Y=
github.com/pierrec/lz4/v4 v4.1.22 h1:cKFw6uJDK+/gfw5BcDL0JL5aBsAFdsIT18eRtLj7VIU=
github.com/pierrec/lz4/v4 v4.1.22/go.mod h1:gZWDp/Ze/IJXGXf23ltt2EXimqmTUXEy0GFuRQyBid4=
github.com/pmezard/go-difflib v1.0.0 h1:4DBwDE0NGyQoBHbLQYPwSUPoCMWR5BEzIk/f1lZbAQM=
github.com/pmezard/go-difflib v1.0.0/go.mod h1:iKH77koFhYxTK1pcRnkKkqfTogsbg7gZNVY4sRDYZ/4=
github.com/pmezard/go-difflib v1.0.1-0.20181226105442-5d4384ee4fb2 h1:Jamvg5psRIccs7FGNTlIRMkT8wgtp5eCXdBlqhYGL6U=
github.com/stretchr/testify v1.10.0 h1:Xv5erBjTwe/5IxqUQTdXv5kgmIvbHo3QQyRwhJsOfJA=
github.com/stretchr/testify v1.10.0/go.mod h1:r2ic/lqez/lEtzL7wO/rwa5dbSLXVDPFyf8C91i36aY=
github.com/stretchr/testify v1.11.0 h1:ib4sjIrwZKxE5u/Japgo/7SJV3PvgjGiRNAvTVGqQl8=
github.com/valyala/bytebufferpool v1.0.0 h1:GqA5TC/0021Y/b9FG4Oi9Mr3q7XYx6KllzawFIhcdPw=
github.com/valyala/bytebufferpool v1.0.0/go.mod h1:6bBcMArwyJ5K/AmCkWv1jt77kVWyCJ6HpOuEn7z0Csc=
github.com/valyala/fasttemplate v1.2.2 h1:lxLXG0uE3Qnshl9QyaK6XJxMXlQZELvChBOCmQD0Loo=
github.com/valyala/fasttemplate v1.2.2/go.mod h1:KHLXt3tVN2HBp8eijSv/kGJopbvo7S+qRAEEKiv+SiQ=
github.com/zeebo/xxh3 v1.0.2 h1:xZmwmqxHZA8AI603jOQ0tMqmBr9lPeFwGg6d+xy9DC0=
github.com/zeebo/xxh3 v1.0.2/go.mod h1:5NWz9Sef7zIDm2JHfFlcQvNekmcEl9ekUZQQKCYaDcA=
golang.org/x/crypto v0.38.0 h1:jt+WWG8IZlBnVbomuhg2Mdq0+BBQaHbtqHEFEigjUV8=
golang.org/x/crypto v0.38.0/go.mod h1:MvrbAqul58NNYPKnOra203SB9vpuZW0e+RRZV+Ggqjw=
golang.org/x/crypto v0.41.0 h1:WKYxWedPGCTVVl5+WHSSrOBT0O8lx32+zxmHxijgXp4=
golang.org/x/crypto v0.41.0/go.mod h1:pO5AFd7FA68rFak7rOAGVuygIISepHftHnr8dr6+sUc=
golang.org/x/exp v0.0.0-20250408133849-7e4ce0ab07d0 h1:R84qjqJb5nVJMxqWYb3np9L5ZsaDtB+a39EqjV0JSUM=
golang.org/x/exp v0.0.0-20250408133849-7e4ce0ab07d0/go.mod h1:S9Xr4PYopiDyqSyp5NjCrhFrqg6A5zA2E/iPHPhqnS8=
golang.org/x/mod v0.27.0 h1:kb+q2PyFnEADO2IEF935ehFUXlWiNjJWtRNgBLSfbxQ=
golang.org/x/mod v0.27.0/go.mod h1:rWI627Fq0DEoudcK+MBkNkCe0EetEaDSwJJkCcjpazc=
golang.org/x/net v0.40.0 h1:79Xs7wF06Gbdcg4kdCCIQArK11Z1hr5POQ6+fIYHNuY=
golang.org/x/net v0.40.0/go.mod h1:y0hY0exeL2Pku80/zKK7tpntoX23cqL3Oa6njdgRtds=
golang.org/x/net v0.43.0 h1:lat02VYK2j4aLzMzecihNvTlJNQUq316m2Mr9rnM6YE=
golang.org/x/net v0.43.0/go.mod h1:vhO1fvI4dGsIjh73sWfUVjj3N7CA9WkKJNQm2svM6Jg=
golang.org/x/sync v0.16.0 h1:ycBJEhp9p4vXvUZNszeOq0kGTPghopOL8q0fq3vstxw=
golang.org/x/sync v0.16.0/go.mod h1:1dzgHSNfp02xaA81J2MS99Qcpr2w7fw1gpm99rleRqA=
golang.org/x/sys v0.5.0/go.mod h1:oPkhp1MJrh7nUepCBck5+mAzfO9JrbApNNgaTdGDITg=
golang.org/x/sys v0.6.0/go.mod h1:oPkhp1MJrh7nUepCBck5+mAzfO9JrbApNNgaTdGDITg=
golang.org/x/sys v0.33.0 h1:q3i8TbbEz+JRD9ywIRlyRAQbM0qF7hu24q3teo2hbuw=
golang.org/x/sys v0.33.0/go.mod h1:BJP2sWEmIv4KK5OTEluFJCKSidICx8ciO85XgH3Ak8k=
golang.org/x/sys v0.35.0 h1:vz1N37gP5bs89s7He8XuIYXpyY0+QlsKmzipCbUtyxI=
golang.org/x/sys v0.35.0/go.mod h1:BJP2sWEmIv4KK5OTEluFJCKSidICx8ciO85XgH3Ak8k=
golang.org/x/text v0.25.0 h1:qVyWApTSYLk/drJRO5mDlNYskwQznZmkpV2c8q9zls4=
golang.org/x/text v0.25.0/go.mod h1:WEdwpYrmk1qmdHvhkSTNPm3app7v4rsT8F2UD6+VHIA=
golang.org/x/text v0.28.0 h1:rhazDwis8INMIwQ4tpjLDzUhx6RlXqZNPEM0huQojng=
golang.org/x/text v0.28.0/go.mod h1:U8nCwOR8jO/marOQ0QbDiOngZVEBB7MAiitBuMjXiNU=
golang.org/x/tools v0.36.0 h1:kWS0uv/zsvHEle1LbV5LE8QujrxB3wfQyxHfhOk0Qkg=
golang.org/x/tools v0.36.0/go.mod h1:WBDiHKJK8YgLHlcQPYQzNCkUxUypCaa5ZegCVutKm+s=
golang.org/x/xerrors v0.0.0-20240903120638-7835f813f4da h1:noIWHXmPHxILtqtCOPIhSt0ABwskkZKjD3bXGnZGpNY=
golang.org/x/xerrors v0.0.0-20240903120638-7835f813f4da/go.mod h1:NDW/Ps6MPRej6fsCIbMTohpP40sJ/P/vI1MoTEGwX90=
gopkg.in/yaml.v3 v3.0.1 h1:fxVm/GzAzEWqLHuvctI91KS9hhNmmWOoWu0XTYJS7CA=
gopkg.in/yaml.v3 v3.0.1/go.mod h1:K4uyk7z7BCEPqu6E+C64Yfv1cQ7kz7rIZviUmN+EgEM=
